
Microsoft Visual Studio Solution File, Format Version 12.00
# Visual Studio 2013
VisualStudioVersion = 12.0.40629.0
MinimumVisualStudioVersion = 10.0.40219.1
Project("{FAE04EC0-301F-11D3-BF4B-00C04F79EFBC}") = "BowlingScore", "BowlingScore\BowlingScore.csproj", "{BF638456-2C4B-4AD6-AAFB-E31CD95D6B28}"
EndProject
Project("{FAE04EC0-301F-11D3-BF4B-00C04F79EFBC}") = "BowlingTest", "BowlingTest\BowlingTest.csproj", "{D0485AFB-D7E0-4C5D-A1A4-0B0AFAC098F0}"
EndProject
Global
	GlobalSection(SolutionConfigurationPlatforms) = preSolution
		Debug|Any CPU = Debug|Any CPU
		Release|Any CPU = Release|Any CPU
	EndGlobalSection
	GlobalSection(ProjectConfigurationPlatforms) = postSolution
		{BF638456-2C4B-4AD6-AAFB-E31CD95D6B28}.Debug|Any CPU.ActiveCfg = Debug|Any CPU
		{BF638456-2C4B-4AD6-AAFB-E31CD95D6B28}.Debug|Any CPU.Build.0 = Debug|Any CPU
		{BF638456-2C4B-4AD6-AAFB-E31CD95D6B28}.Release|Any CPU.ActiveCfg = Release|Any CPU
		{BF638456-2C4B-4AD6-AAFB-E31CD95D6B28}.Release|Any CPU.Build.0 = Release|Any CPU
		{D0485AFB-D7E0-4C5D-A1A4-0B0AFAC098F0}.Debug|Any CPU.ActiveCfg = Debug|Any CPU
		{D0485AFB-D7E0-4C5D-A1A4-0B0AFAC098F0}.Debug|Any CPU.Build.0 = Debug|Any CPU
		{D0485AFB-D7E0-4C5D-A1A4-0B0AFAC098F0}.Release|Any CPU.ActiveCfg = Release|Any CPU
		{D0485AFB-D7E0-4C5D-A1A4-0B0AFAC098F0}.Release|Any CPU.Build.0 = Release|Any CPU
	EndGlobalSection
	GlobalSection(SolutionProperties) = preSolution
		HideSolutionNode = FALSE
	EndGlobalSection
EndGlobal
